// !$*UTF8*$!
{
	archiveVersion = 1;
	classes = {
	};
	objectVersion = 56;
	objects = {

/* Begin PBXBuildFile section */
		60477D30296AC5F20011A8FA /* AppDelegate.swift in Sources */ = {isa = PBXBuildFile; fileRef = 60477D2F296AC5F20011A8FA /* AppDelegate.swift */; };
		60477D32296AC5F20011A8FA /* SceneDelegate.swift in Sources */ = {isa = PBXBuildFile; fileRef = 60477D31296AC5F20011A8FA /* SceneDelegate.swift */; };
		60477D34296AC5F20011A8FA /* ViewController.swift in Sources */ = {isa = PBXBuildFile; fileRef = 60477D33296AC5F20011A8FA /* ViewController.swift */; };
		60477D37296AC5F20011A8FA /* Main.storyboard in Resources */ = {isa = PBXBuildFile; fileRef = 60477D35296AC5F20011A8FA /* Main.storyboard */; };
		60477D39296AC5F20011A8FA /* Assets.xcassets in Resources */ = {isa = PBXBuildFile; fileRef = 60477D38296AC5F20011A8FA /* Assets.xcassets */; };
		60477D3C296AC5F20011A8FA /* LaunchScreen.storyboard in Resources */ = {isa = PBXBuildFile; fileRef = 60477D3A296AC5F20011A8FA /* LaunchScreen.storyboard */; };
		60477D44296AC8630011A8FA /* TableViewController.swift in Sources */ = {isa = PBXBuildFile; fileRef = 60477D43296AC8630011A8FA /* TableViewController.swift */; };
		60477D46296ACB2C0011A8FA /* Coin.swift in Sources */ = {isa = PBXBuildFile; fileRef = 60477D45296ACB2C0011A8FA /* Coin.swift */; };
		60477D49296ACB5E0011A8FA /* Cell.swift in Sources */ = {isa = PBXBuildFile; fileRef = 60477D47296ACB5D0011A8FA /* Cell.swift */; };
		60477D4A296ACB5E0011A8FA /* Cell.xib in Resources */ = {isa = PBXBuildFile; fileRef = 60477D48296ACB5D0011A8FA /* Cell.xib */; };
		60477D4C296B4C260011A8FA /* Activity.swift in Sources */ = {isa = PBXBuildFile; fileRef = 60477D4B296B4C260011A8FA /* Activity.swift */; };
/* End PBXBuildFile section */

/* Begin PBXFileReference section */
		60477D2C296AC5F20011A8FA /* Cryptoapp.app */ = {isa = PBXFileReference; explicitFileType = wrapper.application; includeInIndex = 0; path = Cryptoapp.app; sourceTree = BUILT_PRODUCTS_DIR; };
		60477D2F296AC5F20011A8FA /* AppDelegate.swift */ = {isa = PBXFileReference; lastKnownFileType = sourcecode.swift; path = AppDelegate.swift; sourceTree = "<group>"; };
		60477D31296AC5F20011A8FA /* SceneDelegate.swift */ = {isa = PBXFileReference; lastKnownFileType = sourcecode.swift; path = SceneDelegate.swift; sourceTree = "<group>"; };
		60477D33296AC5F20011A8FA /* ViewController.swift */ = {isa = PBXFileReference; lastKnownFileType = sourcecode.swift; path = ViewController.swift; sourceTree = "<group>"; };
		60477D36296AC5F20011A8FA /* Base */ = {isa = PBXFileReference; lastKnownFileType = file.storyboard; name = Base; path = Base.lproj/Main.storyboard; sourceTree = "<group>"; };
		60477D38296AC5F20011A8FA /* Assets.xcassets */ = {isa = PBXFileReference; lastKnownFileType = folder.assetcatalog; path = Assets.xcassets; sourceTree = "<group>"; };
		60477D3B296AC5F20011A8FA /* Base */ = {isa = PBXFileReference; lastKnownFileType = file.storyboard; name = Base; path = Base.lproj/LaunchScreen.storyboard; sourceTree = "<group>"; };
		60477D3D296AC5F20011A8FA /* Info.plist */ = {isa = PBXFileReference; lastKnownFileType = text.plist.xml; path = Info.plist; sourceTree = "<group>"; };
		60477D43296AC8630011A8FA /* TableViewController.swift */ = {isa = PBXFileReference; lastKnownFileType = sourcecode.swift; path = TableViewController.swift; sourceTree = "<group>"; };
		60477D45296ACB2C0011A8FA /* Coin.swift */ = {isa = PBXFileReference; lastKnownFileType = sourcecode.swift; path = Coin.swift; sourceTree = "<group>"; };
		60477D47296ACB5D0011A8FA /* Cell.swift */ = {isa = PBXFileReference; lastKnownFileType = sourcecode.swift; path = Cell.swift; sourceTree = "<group>"; };
		60477D48296ACB5D0011A8FA /* Cell.xib */ = {isa = PBXFileReference; lastKnownFileType = file.xib; path = Cell.xib; sourceTree = "<group>"; };
		60477D4B296B4C260011A8FA /* Activity.swift */ = {isa = PBXFileReference; lastKnownFileType = sourcecode.swift; path = Activity.swift; sourceTree = "<group>"; };
/* End PBXFileReference section */

/* Begin PBXFrameworksBuildPhase section */
		60477D29296AC5F20011A8FA /* Frameworks */ = {
			isa = PBXFrameworksBuildPhase;
			buildActionMask = 2147483647;
			files = (
			);
			runOnlyForDeploymentPostprocessing = 0;
		};
/* End PBXFrameworksBuildPhase section */

/* Begin PBXGroup section */
		60477D23296AC5F20011A8FA = {
			isa = PBXGroup;
			children = (
				60477D2E296AC5F20011A8FA /* Cryptoapp */,
				60477D2D296AC5F20011A8FA /* Products */,
			);
			sourceTree = "<group>";
		};
		60477D2D296AC5F20011A8FA /* Products */ = {
			isa = PBXGroup;
			children = (
				60477D2C296AC5F20011A8FA /* Cryptoapp.app */,
			);
			name = Products;
			sourceTree = "<group>";
		};
		60477D2E296AC5F20011A8FA /* Cryptoapp */ = {
			isa = PBXGroup;
			children = (
				60477D45296ACB2C0011A8FA /* Coin.swift */,
				60477D2F296AC5F20011A8FA /* AppDelegate.swift */,
				60477D31296AC5F20011A8FA /* SceneDelegate.swift */,
				60477D33296AC5F20011A8FA /* ViewController.swift */,
				60477D43296AC8630011A8FA /* TableViewController.swift */,
				60477D35296AC5F20011A8FA /* Main.storyboard */,
				60477D38296AC5F20011A8FA /* Assets.xcassets */,
				60477D3A296AC5F20011A8FA /* LaunchScreen.storyboard */,
				60477D3D296AC5F20011A8FA /* Info.plist */,
				60477D47296ACB5D0011A8FA /* Cell.swift */,
				60477D48296ACB5D0011A8FA /* Cell.xib */,
				60477D4B296B4C260011A8FA /* Activity.swift */,
			);
			path = Cryptoapp;
			sourceTree = "<group>";
		};
/* End PBXGroup section */

/* Begin PBXNativeTarget section */
		60477D2B296AC5F20011A8FA /* Cryptoapp */ = {
			isa = PBXNativeTarget;
			buildConfigurationList = 60477D40296AC5F20011A8FA /* Build configuration list for PBXNativeTarget "Cryptoapp" */;
			buildPhases = (
				60477D28296AC5F20011A8FA /* Sources */,
				60477D29296AC5F20011A8FA /* Frameworks */,
				60477D2A296AC5F20011A8FA /* Resources */,
			);
			buildRules = (
			);
			dependencies = (
			);
			name = Cryptoapp;
			productName = Cryptoapp;
			productReference = 60477D2C296AC5F20011A8FA /* Cryptoapp.app */;
			productType = "com.apple.product-type.application";
		};
/* End PBXNativeTarget section */

/* Begin PBXProject section */
		60477D24296AC5F20011A8FA /* Project object */ = {
			isa = PBXProject;
			attributes = {
				BuildIndependentTargetsInParallel = 1;
				LastSwiftUpdateCheck = 1420;
				LastUpgradeCheck = 1420;
				TargetAttributes = {
					60477D2B296AC5F20011A8FA = {
						CreatedOnToolsVersion = 14.2;
					};
				};
			};
			buildConfigurationList = 60477D27296AC5F20011A8FA /* Build configuration list for PBXProject "Cryptoapp" */;
			compatibilityVersion = "Xcode 14.0";
			developmentRegion = en;
			hasScannedForEncodings = 0;
			knownRegions = (
				en,
				Base,
			);
			mainGroup = 60477D23296AC5F20011A8FA;
			productRefGroup = 60477D2D296AC5F20011A8FA /* Products */;
			projectDirPath = "";
			projectRoot = "";
			targets = (
				60477D2B296AC5F20011A8FA /* Cryptoapp */,
			);
		};
/* End PBXProject section */

/* Begin PBXResourcesBuildPhase section */
		60477D2A296AC5F20011A8FA /* Resources */ = {
			isa = PBXResourcesBuildPhase;
			buildActionMask = 2147483647;
			files = (
				60477D3C296AC5F20011A8FA /* LaunchScreen.storyboard in Resources */,
				60477D4A296ACB5E0011A8FA /* Cell.xib in Resources */,
				60477D39296AC5F20011A8FA /* Assets.xcassets in Resources */,
				60477D37296AC5F20011A8FA /* Main.storyboard in Resources */,
			);
			runOnlyForDeploymentPostprocessing = 0;
		};
/* End PBXResourcesBuildPhase section */

/* Begin PBXSourcesBuildPhase section */
		60477D28296AC5F20011A8FA /* Sources */ = {
			isa = PBXSourcesBuildPhase;
			buildActionMask = 2147483647;
			files = (
				60477D46296ACB2C0011A8FA /* Coin.swift in Sources */,
				60477D34296AC5F20011A8FA /* ViewController.swift in Sources */,
				60477D4C296B4C260011A8FA /* Activity.swift in Sources */,
				60477D30296AC5F20011A8FA /* AppDelegate.swift in Sources */,
				60477D32296AC5F20011A8FA /* SceneDelegate.swift in Sources */,
				60477D44296AC8630011A8FA /* TableViewController.swift in Sources */,
				60477D49296ACB5E0011A8FA /* Cell.swift in Sources */,
			);
			runOnlyForDeploymentPostprocessing = 0;
		};
/* End PBXSourcesBuildPhase section */

/* Begin PBXVariantGroup section */
		60477D35296AC5F20011A8FA /* Main.storyboard */ = {
			isa = PBXVariantGroup;
			children = (
				60477D36296AC5F20011A8FA /* Base */,
			);
			name = Main.storyboard;
			sourceTree = "<group>";
		};
		60477D3A296AC5F20011A8FA /* LaunchScreen.storyboard */ = {
			isa = PBXVariantGroup;
			children = (
				60477D3B296AC5F20011A8FA /* Base */,
			);
			name = LaunchScreen.storyboard;
			sourceTree = "<group>";
		};
/* End PBXVariantGroup section */

/* Begin XCBuildConfiguration section */
		60477D3E296AC5F20011A8FA /* Debug */ = {
			isa = XCBuildConfiguration;
			buildSettings = {
				ALWAYS_SEARCH_USER_PATHS = NO;
				CLANG_ANALYZER_NONNULL = YES;
				CLANG_ANALYZER_NUMBER_OBJECT_CONVERSION = YES_AGGRESSIVE;
				CLANG_CXX_LANGUAGE_STANDARD = "gnu++20";
				CLANG_ENABLE_MODULES = YES;
				CLANG_ENABLE_OBJC_ARC = YES;
				CLANG_ENABLE_OBJC_WEAK = YES;
				CLANG_WARN_BLOCK_CAPTURE_AUTORELEASING = YES;
				CLANG_WARN_BOOL_CONVERSION = YES;
				CLANG_WARN_COMMA = YES;
				CLANG_WARN_CONSTANT_CONVERSION = YES;
				CLANG_WARN_DEPRECATED_OBJC_IMPLEMENTATIONS = YES;
				CLANG_WARN_DIRECT_OBJC_ISA_USAGE = YES_ERROR;
				CLANG_WARN_DOCUMENTATION_COMMENTS = YES;
				CLANG_WARN_EMPTY_BODY = YES;
				CLANG_WARN_ENUM_CONVERSION = YES;
				CLANG_WARN_INFINITE_RECURSION = YES;
				CLANG_WARN_INT_CONVERSION = YES;
				CLANG_WARN_NON_LITERAL_NULL_CONVERSION = YES;
				CLANG_WARN_OBJC_IMPLICIT_RETAIN_SELF = YES;
				CLANG_WARN_OBJC_LITERAL_CONVERSION = YES;
				CLANG_WARN_OBJC_ROOT_CLASS = YES_ERROR;
				CLANG_WARN_QUOTED_INCLUDE_IN_FRAMEWORK_HEADER = YES;
				CLANG_WARN_RANGE_LOOP_ANALYSIS = YES;
				CLANG_WARN_STRICT_PROTOTYPES = YES;
				CLANG_WARN_SUSPICIOUS_MOVE = YES;
				CLANG_WARN_UNGUARDED_AVAILABILITY = YES_AGGRESSIVE;
				CLANG_WARN_UNREACHABLE_CODE = YES;
				CLANG_WARN__DUPLICATE_METHOD_MATCH = YES;
				COPY_PHASE_STRIP = NO;
				DEBUG_INFORMATION_FORMAT = dwarf;
				ENABLE_STRICT_OBJC_MSGSEND = YES;
				ENABLE_TESTABILITY = YES;
				GCC_C_LANGUAGE_STANDARD = gnu11;
				GCC_DYNAMIC_NO_PIC = NO;
				GCC_NO_COMMON_BLOCKS = YES;
				GCC_OPTIMIZATION_LEVEL = 0;
				GCC_PREPROCESSOR_DEFINITIONS = (
					"DEBUG=1",
					"$(inherited)",
				);
				GCC_WARN_64_TO_32_BIT_CONVERSION = YES;
				GCC_WARN_ABOUT_RETURN_TYPE = YES_ERROR;
				GCC_WARN_UNDECLARED_SELECTOR = YES;
				GCC_WARN_UNINITIALIZED_AUTOS = YES_AGGRESSIVE;
				GCC_WARN_UNUSED_FUNCTION = YES;
				GCC_WARN_UNUSED_VARIABLE = YES;
				IPHONEOS_DEPLOYMENT_TARGET = 16.2;
				MTL_ENABLE_DEBUG_INFO = INCLUDE_SOURCE;
				MTL_FAST_MATH = YES;
				ONLY_ACTIVE_ARCH = YES;
				SDKROOT = iphoneos;
				SWIFT_ACTIVE_COMPILATION_CONDITIONS = DEBUG;
				SWIFT_OPTIMIZATION_LEVEL = "-Onone";
			};
			name = Debug;
		};
		60477D3F296AC5F20011A8FA /* Release */ = {
			isa = XCBuildConfiguration;
			buildSettings = {
				ALWAYS_SEARCH_USER_PATHS = NO;
				CLANG_ANALYZER_NONNULL = YES;
				CLANG_ANALYZER_NUMBER_OBJECT_CONVERSION = YES_AGGRESSIVE;
				CLANG_CXX_LANGUAGE_STANDARD = "gnu++20";
				CLANG_ENABLE_MODULES = YES;
				CLANG_ENABLE_OBJC_ARC = YES;
				CLANG_ENABLE_OBJC_WEAK = YES;
				CLANG_WARN_BLOCK_CAPTURE_AUTORELEASING = YES;
				CLANG_WARN_BOOL_CONVERSION = YES;
				CLANG_WARN_COMMA = YES;
				CLANG_WARN_CONSTANT_CONVERSION = YES;
				CLANG_WARN_DEPRECATED_OBJC_IMPLEMENTATIONS = YES;
				CLANG_WARN_DIRECT_OBJC_ISA_USAGE = YES_ERROR;
				CLANG_WARN_DOCUMENTATION_COMMENTS = YES;
				CLANG_WARN_EMPTY_BODY = YES;
				CLANG_WARN_ENUM_CONVERSION = YES;
				CLANG_WARN_INFINITE_RECURSION = YES;
				CLANG_WARN_INT_CONVERSION = YES;
				CLANG_WARN_NON_LITERAL_NULL_CONVERSION = YES;
				CLANG_WARN_OBJC_IMPLICIT_RETAIN_SELF = YES;
				CLANG_WARN_OBJC_LITERAL_CONVERSION = YES;
				CLANG_WARN_OBJC_ROOT_CLASS = YES_ERROR;
				CLANG_WARN_QUOTED_INCLUDE_IN_FRAMEWORK_HEADER = YES;
				CLANG_WARN_RANGE_LOOP_ANALYSIS = YES;
				CLANG_WARN_STRICT_PROTOTYPES = YES;
				CLANG_WARN_SUSPICIOUS_MOVE = YES;
				CLANG_WARN_UNGUARDED_AVAILABILITY = YES_AGGRESSIVE;
				CLANG_WARN_UNREACHABLE_CODE = YES;
				CLANG_WARN__DUPLICATE_METHOD_MATCH = YES;
				COPY_PHASE_STRIP = NO;
				DEBUG_INFORMATION_FORMAT = "dwarf-with-dsym";
				ENABLE_NS_ASSERTIONS = NO;
				ENABLE_STRICT_OBJC_MSGSEND = YES;
				GCC_C_LANGUAGE_STANDARD = gnu11;
				GCC_NO_COMMON_BLOCKS = YES;
				GCC_WARN_64_TO_32_BIT_CONVERSION = YES;
				GCC_WARN_ABOUT_RETURN_TYPE = YES_ERROR;
				GCC_WARN_UNDECLARED_SELECTOR = YES;
				GCC_WARN_UNINITIALIZED_AUTOS = YES_AGGRESSIVE;
				GCC_WARN_UNUSED_FUNCTION = YES;
				GCC_WARN_UNUSED_VARIABLE = YES;
				IPHONEOS_DEPLOYMENT_TARGET = 16.2;
				MTL_ENABLE_DEBUG_INFO = NO;
				MTL_FAST_MATH = YES;
				SDKROOT = iphoneos;
				SWIFT_COMPILATION_MODE = wholemodule;
				SWIFT_OPTIMIZATION_LEVEL = "-O";
				VALIDATE_PRODUCT = YES;
			};
			name = Release;
		};
		60477D41296AC5F20011A8FA /* Debug */ = {
			isa = XCBuildConfiguration;
			buildSettings = {
				ASSETCATALOG_COMPILER_APPICON_NAME = AppIcon;
				ASSETCATALOG_COMPILER_GLOBAL_ACCENT_COLOR_NAME = AccentColor;
				CODE_SIGN_STYLE = Automatic;
				CURRENT_PROJECT_VERSION = 1;
				DEVELOPMENT_TEAM = G58UNYLJYD;
				GENERATE_INFOPLIST_FILE = YES;
				INFOPLIST_FILE = Cryptoapp/Info.plist;
				INFOPLIST_KEY_UIApplicationSupportsIndirectInputEvents = YES;
				INFOPLIST_KEY_UILaunchStoryboardName = LaunchScreen;
				INFOPLIST_KEY_UIMainStoryboardFile = Main;
				INFOPLIST_KEY_UISupportedInterfaceOrientations_iPad = "UIInterfaceOrientationPortrait UIInterfaceOrientationPortraitUpsideDown UIInterfaceOrientationLandscapeLeft UIInterfaceOrientationLandscapeRight";
				INFOPLIST_KEY_UISupportedInterfaceOrientations_iPhone = "UIInterfaceOrientationPortrait UIInterfaceOrientationLandscapeLeft UIInterfaceOrientationLandscapeRight";
				LD_RUNPATH_SEARCH_PATHS = (
					"$(inherited)",
					"@executable_path/Frameworks",
				);
				MARKETING_VERSION = 1.0;
				PRODUCT_BUNDLE_IDENTIFIER = aliserkanboyraci.Cryptoapp;
				PRODUCT_NAME = "$(TARGET_NAME)";
				SWIFT_EMIT_LOC_STRINGS = YES;
				SWIFT_VERSION = 5.0;
				TARGETED_DEVICE_FAMILY = "1,2";
			};
			name = Debug;
		};
		60477D42296AC5F20011A8FA /* Release */ = {
			isa = XCBuildConfiguration;
			buildSettings = {
				ASSETCATALOG_COMPILER_APPICON_NAME = AppIcon;
				ASSETCATALOG_COMPILER_GLOBAL_ACCENT_COLOR_NAME = AccentColor;
				CODE_SIGN_STYLE = Automatic;
				CURRENT_PROJECT_VERSION = 1;
				DEVELOPMENT_TEAM = G58UNYLJYD;
				GENERATE_INFOPLIST_FILE = YES;
				INFOPLIST_FILE = Cryptoapp/Info.plist;
				INFOPLIST_KEY_UIApplicationSupportsIndirectInputEvents = YES;
				INFOPLIST_KEY_UILaunchStoryboardName = LaunchScreen;
				INFOPLIST_KEY_UIMainStoryboardFile = Main;
				INFOPLIST_KEY_UISupportedInterfaceOrientations_iPad = "UIInterfaceOrientationPortrait UIInterfaceOrientationPortraitUpsideDown UIInterfaceOrientationLandscapeLeft UIInterfaceOrientationLandscapeRight";
				INFOPLIST_KEY_UISupportedInterfaceOrientations_iPhone = "UIInterfaceOrientationPortrait UIInterfaceOrientationLandscapeLeft UIInterfaceOrientationLandscapeRight";
				LD_RUNPATH_SEARCH_PATHS = (
					"$(inherited)",
					"@executable_path/Frameworks",
				);
				MARKETING_VERSION = 1.0;
				PRODUCT_BUNDLE_IDENTIFIER = aliserkanboyraci.Cryptoapp;
				PRODUCT_NAME = "$(TARGET_NAME)";
				SWIFT_EMIT_LOC_STRINGS = YES;
				SWIFT_VERSION = 5.0;
				TARGETED_DEVICE_FAMILY = "1,2";
			};
			name = Release;
		};
/* End XCBuildConfiguration section */

/* Begin XCConfigurationList section */
		60477D27296AC5F20011A8FA /* Build configuration list for PBXProject "Cryptoapp" */ = {
			isa = XCConfigurationList;
			buildConfigurations = (
				60477D3E296AC5F20011A8FA /* Debug */,
				60477D3F296AC5F20011A8FA /* Release */,
			);
			defaultConfigurationIsVisible = 0;
			defaultConfigurationName = Release;
		};
		60477D40296AC5F20011A8FA /* Build configuration list for PBXNativeTarget "Cryptoapp" */ = {
			isa = XCConfigurationList;
			buildConfigurations = (
				60477D41296AC5F20011A8FA /* Debug */,
				60477D42296AC5F20011A8FA /* Release */,
			);
			defaultConfigurationIsVisible = 0;
			defaultConfigurationName = Release;
		};
/* End XCConfigurationList section */
	};
	rootObject = 60477D24296AC5F20011A8FA /* Project object */;
}
